// !$*UTF8*$!
{
	archiveVersion = 1;
	classes = {
	};
	objectVersion = 77;
	objects = {

/* Begin PBXBuildFile section */
		1CB9AA412F34C89800BD2740 /* SwiftKeychainWrapper in Frameworks */ = {isa = PBXBuildFile; productRef = 1CB9AA402F34C89800BD2740 /* SwiftKeychainWrapper */; };
		1CB9AA442F34C89F00BD2740 /* Kingfisher in Frameworks */ = {isa = PBXBuildFile; productRef = 1CB9AA432F34C89F00BD2740 /* Kingfisher */; };
		1CB9AA472F34C8A600BD2740 /* ProgressHUD in Frameworks */ = {isa = PBXBuildFile; productRef = 1CB9AA462F34C8A600BD2740 /* ProgressHUD */; };
		1CB9AA692F34CB1800BD2740 /* OAuth2Service.swift in Sources */ = {isa = PBXBuildFile; fileRef = 1CB9AA4A2F34CB1800BD2740 /* OAuth2Service.swift */; };
		1CB9AA6A2F34CB1800BD2740 /* OAuth2TokenStorage.swift in Sources */ = {isa = PBXBuildFile; fileRef = 1CB9AA4B2F34CB1800BD2740 /* OAuth2TokenStorage.swift */; };
		1CB9AA6B2F34CB1800BD2740 /* ProfileImageService.swift in Sources */ = {isa = PBXBuildFile; fileRef = 1CB9AA4D2F34CB1800BD2740 /* ProfileImageService.swift */; };
		1CB9AA6C2F34CB1800BD2740 /* ProfileService.swift in Sources */ = {isa = PBXBuildFile; fileRef = 1CB9AA4E2F34CB1800BD2740 /* ProfileService.swift */; };
		1CB9AA6D2F34CB1800BD2740 /* URLSession+data.swift in Sources */ = {isa = PBXBuildFile; fileRef = 1CB9AA502F34CB1800BD2740 /* URLSession+data.swift */; };
		1CB9AA6E2F34CB1800BD2740 /* AuthViewController.swift in Sources */ = {isa = PBXBuildFile; fileRef = 1CB9AA522F34CB1800BD2740 /* AuthViewController.swift */; };
		1CB9AA6F2F34CB1800BD2740 /* WebViewViewController.swift in Sources */ = {isa = PBXBuildFile; fileRef = 1CB9AA532F34CB1800BD2740 /* WebViewViewController.swift */; };
		1CB9AA702F34CB1800BD2740 /* ImagesListCell.swift in Sources */ = {isa = PBXBuildFile; fileRef = 1CB9AA552F34CB1800BD2740 /* ImagesListCell.swift */; };
		1CB9AA712F34CB1800BD2740 /* ImagesListViewController.swift in Sources */ = {isa = PBXBuildFile; fileRef = 1CB9AA562F34CB1800BD2740 /* ImagesListViewController.swift */; };
		1CB9AA722F34CB1800BD2740 /* ProfileViewController.swift in Sources */ = {isa = PBXBuildFile; fileRef = 1CB9AA582F34CB1800BD2740 /* ProfileViewController.swift */; };
		1CB9AA732F34CB1800BD2740 /* SingleImageViewController.swift in Sources */ = {isa = PBXBuildFile; fileRef = 1CB9AA5A2F34CB1800BD2740 /* SingleImageViewController.swift */; };
		1CB9AA742F34CB1800BD2740 /* SplashViewController.swift in Sources */ = {isa = PBXBuildFile; fileRef = 1CB9AA5B2F34CB1800BD2740 /* SplashViewController.swift */; };
		1CB9AA752F34CB1800BD2740 /* TabBarController.swift in Sources */ = {isa = PBXBuildFile; fileRef = 1CB9AA5C2F34CB1800BD2740 /* TabBarController.swift */; };
		1CB9AA762F34CB1800BD2740 /* UIBlockingProgressHUD.swift in Sources */ = {isa = PBXBuildFile; fileRef = 1CB9AA5D2F34CB1800BD2740 /* UIBlockingProgressHUD.swift */; };
		1CB9AA772F34CB1800BD2740 /* AppDelegate.swift in Sources */ = {isa = PBXBuildFile; fileRef = 1CB9AA5F2F34CB1800BD2740 /* AppDelegate.swift */; };
		1CB9AA782F34CB1800BD2740 /* Constants.swift in Sources */ = {isa = PBXBuildFile; fileRef = 1CB9AA612F34CB1800BD2740 /* Constants.swift */; };
		1CB9AA792F34CB1800BD2740 /* SceneDelegate.swift in Sources */ = {isa = PBXBuildFile; fileRef = 1CB9AA672F34CB1800BD2740 /* SceneDelegate.swift */; };
		1CB9AA7A2F34CB1800BD2740 /* Assets.xcassets in Resources */ = {isa = PBXBuildFile; fileRef = 1CB9AA602F34CB1800BD2740 /* Assets.xcassets */; };
		1CB9AA7C2F34CB1800BD2740 /* LaunchScreen.storyboard in Resources */ = {isa = PBXBuildFile; fileRef = 1CB9AA642F34CB1800BD2740 /* LaunchScreen.storyboard */; };
		1CB9AA7D2F34CB1800BD2740 /* Main.storyboard in Resources */ = {isa = PBXBuildFile; fileRef = 1CB9AA662F34CB1800BD2740 /* Main.storyboard */; };
		1CB9AA7F2F34D83B00BD2740 /* ImagesListService.swift in Sources */ = {isa = PBXBuildFile; fileRef = 1CB9AA7E2F34D83B00BD2740 /* ImagesListService.swift */; };
		1CB9AAC62F34F01100BD2740 /* Formatter.swift in Sources */ = {isa = PBXBuildFile; fileRef = 1CB9AAC52F34F01100BD2740 /* Formatter.swift */; };
		1CB9AAC82F34F12700BD2740 /* Photo+Array.swift in Sources */ = {isa = PBXBuildFile; fileRef = 1CB9AAC72F34F12700BD2740 /* Photo+Array.swift */; };
		1CB9AB9B2F37C25A00BD2740 /* ProfileLogoutService.swift in Sources */ = {isa = PBXBuildFile; fileRef = 1CB9AB9A2F37C25A00BD2740 /* ProfileLogoutService.swift */; };
/* End PBXBuildFile section */

/* Begin PBXFileReference section */
		1C5ABF862E94575D001F9F3D /* ImageFeed.app */ = {isa = PBXFileReference; explicitFileType = wrapper.application; includeInIndex = 0; path = ImageFeed.app; sourceTree = BUILT_PRODUCTS_DIR; };
		1CB9AA4A2F34CB1800BD2740 /* OAuth2Service.swift */ = {isa = PBXFileReference; lastKnownFileType = sourcecode.swift; path = OAuth2Service.swift; sourceTree = "<group>"; };
		1CB9AA4B2F34CB1800BD2740 /* OAuth2TokenStorage.swift */ = {isa = PBXFileReference; lastKnownFileType = sourcecode.swift; path = OAuth2TokenStorage.swift; sourceTree = "<group>"; };
		1CB9AA4D2F34CB1800BD2740 /* ProfileImageService.swift */ = {isa = PBXFileReference; lastKnownFileType = sourcecode.swift; path = ProfileImageService.swift; sourceTree = "<group>"; };
		1CB9AA4E2F34CB1800BD2740 /* ProfileService.swift */ = {isa = PBXFileReference; lastKnownFileType = sourcecode.swift; path = ProfileService.swift; sourceTree = "<group>"; };
		1CB9AA502F34CB1800BD2740 /* URLSession+data.swift */ = {isa = PBXFileReference; lastKnownFileType = sourcecode.swift; path = "URLSession+data.swift"; sourceTree = "<group>"; };
		1CB9AA522F34CB1800BD2740 /* AuthViewController.swift */ = {isa = PBXFileReference; lastKnownFileType = sourcecode.swift; path = AuthViewController.swift; sourceTree = "<group>"; };
		1CB9AA532F34CB1800BD2740 /* WebViewViewController.swift */ = {isa = PBXFileReference; lastKnownFileType = sourcecode.swift; path = WebViewViewController.swift; sourceTree = "<group>"; };
		1CB9AA552F34CB1800BD2740 /* ImagesListCell.swift */ = {isa = PBXFileReference; lastKnownFileType = sourcecode.swift; path = ImagesListCell.swift; sourceTree = "<group>"; };
		1CB9AA562F34CB1800BD2740 /* ImagesListViewController.swift */ = {isa = PBXFileReference; lastKnownFileType = sourcecode.swift; path = ImagesListViewController.swift; sourceTree = "<group>"; };
		1CB9AA582F34CB1800BD2740 /* ProfileViewController.swift */ = {isa = PBXFileReference; lastKnownFileType = sourcecode.swift; path = ProfileViewController.swift; sourceTree = "<group>"; };
		1CB9AA5A2F34CB1800BD2740 /* SingleImageViewController.swift */ = {isa = PBXFileReference; lastKnownFileType = sourcecode.swift; path = SingleImageViewController.swift; sourceTree = "<group>"; };
		1CB9AA5B2F34CB1800BD2740 /* SplashViewController.swift */ = {isa = PBXFileReference; lastKnownFileType = sourcecode.swift; path = SplashViewController.swift; sourceTree = "<group>"; };
		1CB9AA5C2F34CB1800BD2740 /* TabBarController.swift */ = {isa = PBXFileReference; lastKnownFileType = sourcecode.swift; path = TabBarController.swift; sourceTree = "<group>"; };
		1CB9AA5D2F34CB1800BD2740 /* UIBlockingProgressHUD.swift */ = {isa = PBXFileReference; lastKnownFileType = sourcecode.swift; path = UIBlockingProgressHUD.swift; sourceTree = "<group>"; };
		1CB9AA5F2F34CB1800BD2740 /* AppDelegate.swift */ = {isa = PBXFileReference; lastKnownFileType = sourcecode.swift; path = AppDelegate.swift; sourceTree = "<group>"; };
		1CB9AA602F34CB1800BD2740 /* Assets.xcassets */ = {isa = PBXFileReference; lastKnownFileType = folder.assetcatalog; path = Assets.xcassets; sourceTree = "<group>"; };
		1CB9AA612F34CB1800BD2740 /* Constants.swift */ = {isa = PBXFileReference; lastKnownFileType = sourcecode.swift; path = Constants.swift; sourceTree = "<group>"; };
		1CB9AA622F34CB1800BD2740 /* Info.plist */ = {isa = PBXFileReference; lastKnownFileType = text.plist.xml; path = Info.plist; sourceTree = "<group>"; };
		1CB9AA632F34CB1800BD2740 /* Base */ = {isa = PBXFileReference; lastKnownFileType = file.storyboard; name = Base; path = Base.lproj/LaunchScreen.storyboard; sourceTree = "<group>"; };
		1CB9AA652F34CB1800BD2740 /* Base */ = {isa = PBXFileReference; lastKnownFileType = file.storyboard; name = Base; path = Base.lproj/Main.storyboard; sourceTree = "<group>"; };
		1CB9AA672F34CB1800BD2740 /* SceneDelegate.swift */ = {isa = PBXFileReference; lastKnownFileType = sourcecode.swift; path = SceneDelegate.swift; sourceTree = "<group>"; };
		1CB9AA7E2F34D83B00BD2740 /* ImagesListService.swift */ = {isa = PBXFileReference; lastKnownFileType = sourcecode.swift; path = ImagesListService.swift; sourceTree = "<group>"; };
		1CB9AAC52F34F01100BD2740 /* Formatter.swift */ = {isa = PBXFileReference; lastKnownFileType = sourcecode.swift; path = Formatter.swift; sourceTree = "<group>"; };
		1CB9AAC72F34F12700BD2740 /* Photo+Array.swift */ = {isa = PBXFileReference; lastKnownFileType = sourcecode.swift; path = "Photo+Array.swift"; sourceTree = "<group>"; };
		1CB9AB9A2F37C25A00BD2740 /* ProfileLogoutService.swift */ = {isa = PBXFileReference; lastKnownFileType = sourcecode.swift; path = ProfileLogoutService.swift; sourceTree = "<group>"; };
/* End PBXFileReference section */

/* Begin PBXFrameworksBuildPhase section */
		1C5ABF832E94575D001F9F3D /* Frameworks */ = {
			isa = PBXFrameworksBuildPhase;
			buildActionMask = 2147483647;
			files = (
				1CB9AA472F34C8A600BD2740 /* ProgressHUD in Frameworks */,
				1CB9AA442F34C89F00BD2740 /* Kingfisher in Frameworks */,
				1CB9AA412F34C89800BD2740 /* SwiftKeychainWrapper in Frameworks */,
			);
			runOnlyForDeploymentPostprocessing = 0;
		};
/* End PBXFrameworksBuildPhase section */

/* Begin PBXGroup section */
		1C5ABF7D2E94575D001F9F3D = {
			isa = PBXGroup;
			children = (
				1CB9AA682F34CB1800BD2740 /* ImageFeed */,
				1C5ABF872E94575D001F9F3D /* Products */,
			);
			sourceTree = "<group>";
		};
		1C5ABF872E94575D001F9F3D /* Products */ = {
			isa = PBXGroup;
			children = (
				1C5ABF862E94575D001F9F3D /* ImageFeed.app */,
			);
			name = Products;
			sourceTree = "<group>";
		};
		1CB9AA4C2F34CB1800BD2740 /* OAuth2 */ = {
			isa = PBXGroup;
			children = (
				1CB9AA4A2F34CB1800BD2740 /* OAuth2Service.swift */,
				1CB9AA4B2F34CB1800BD2740 /* OAuth2TokenStorage.swift */,
			);
			path = OAuth2;
			sourceTree = "<group>";
		};
		1CB9AA4F2F34CB1800BD2740 /* ProfileServices */ = {
			isa = PBXGroup;
			children = (
				1CB9AB9A2F37C25A00BD2740 /* ProfileLogoutService.swift */,
				1CB9AA4D2F34CB1800BD2740 /* ProfileImageService.swift */,
				1CB9AA4E2F34CB1800BD2740 /* ProfileService.swift */,
			);
			path = ProfileServices;
			sourceTree = "<group>";
		};
		1CB9AA512F34CB1800BD2740 /* Services */ = {
			isa = PBXGroup;
			children = (
				1CB9AAC72F34F12700BD2740 /* Photo+Array.swift */,
				1CB9AAC52F34F01100BD2740 /* Formatter.swift */,
				1CB9AA7E2F34D83B00BD2740 /* ImagesListService.swift */,
				1CB9AA4C2F34CB1800BD2740 /* OAuth2 */,
				1CB9AA4F2F34CB1800BD2740 /* ProfileServices */,
				1CB9AA502F34CB1800BD2740 /* URLSession+data.swift */,
			);
			path = Services;
			sourceTree = "<group>";
		};
		1CB9AA542F34CB1800BD2740 /* Auth */ = {
			isa = PBXGroup;
			children = (
				1CB9AA522F34CB1800BD2740 /* AuthViewController.swift */,
				1CB9AA532F34CB1800BD2740 /* WebViewViewController.swift */,
			);
			path = Auth;
			sourceTree = "<group>";
		};
		1CB9AA572F34CB1800BD2740 /* ImagesList */ = {
			isa = PBXGroup;
			children = (
				1CB9AA552F34CB1800BD2740 /* ImagesListCell.swift */,
				1CB9AA562F34CB1800BD2740 /* ImagesListViewController.swift */,
			);
			path = ImagesList;
			sourceTree = "<group>";
		};
		1CB9AA592F34CB1800BD2740 /* Profile */ = {
			isa = PBXGroup;
			children = (
				1CB9AA582F34CB1800BD2740 /* ProfileViewController.swift */,
			);
			path = Profile;
			sourceTree = "<group>";
		};
		1CB9AA5E2F34CB1800BD2740 /* Views */ = {
			isa = PBXGroup;
			children = (
				1CB9AA542F34CB1800BD2740 /* Auth */,
				1CB9AA572F34CB1800BD2740 /* ImagesList */,
				1CB9AA592F34CB1800BD2740 /* Profile */,
				1CB9AA5A2F34CB1800BD2740 /* SingleImageViewController.swift */,
				1CB9AA5B2F34CB1800BD2740 /* SplashViewController.swift */,
				1CB9AA5C2F34CB1800BD2740 /* TabBarController.swift */,
				1CB9AA5D2F34CB1800BD2740 /* UIBlockingProgressHUD.swift */,
			);
			path = Views;
			sourceTree = "<group>";
		};
		1CB9AA682F34CB1800BD2740 /* ImageFeed */ = {
			isa = PBXGroup;
			children = (
				1CB9AA512F34CB1800BD2740 /* Services */,
				1CB9AA5E2F34CB1800BD2740 /* Views */,
				1CB9AA5F2F34CB1800BD2740 /* AppDelegate.swift */,
				1CB9AA602F34CB1800BD2740 /* Assets.xcassets */,
				1CB9AA612F34CB1800BD2740 /* Constants.swift */,
				1CB9AA622F34CB1800BD2740 /* Info.plist */,
				1CB9AA642F34CB1800BD2740 /* LaunchScreen.storyboard */,
				1CB9AA662F34CB1800BD2740 /* Main.storyboard */,
				1CB9AA672F34CB1800BD2740 /* SceneDelegate.swift */,
			);
			path = ImageFeed;
			sourceTree = "<group>";
		};
/* End PBXGroup section */

/* Begin PBXNativeTarget section */
		1C5ABF852E94575D001F9F3D /* ImageFeed */ = {
			isa = PBXNativeTarget;
			buildConfigurationList = 1C5ABF992E94575E001F9F3D /* Build configuration list for PBXNativeTarget "ImageFeed" */;
			buildPhases = (
				1C5ABF822E94575D001F9F3D /* Sources */,
				1C5ABF832E94575D001F9F3D /* Frameworks */,
				1C5ABF842E94575D001F9F3D /* Resources */,
			);
			buildRules = (
			);
			dependencies = (
			);
			name = ImageFeed;
			packageProductDependencies = (
				1CB9AA402F34C89800BD2740 /* SwiftKeychainWrapper */,
				1CB9AA432F34C89F00BD2740 /* Kingfisher */,
				1CB9AA462F34C8A600BD2740 /* ProgressHUD */,
			);
			productName = ImageFeed;
			productReference = 1C5ABF862E94575D001F9F3D /* ImageFeed.app */;
			productType = "com.apple.product-type.application";
		};
/* End PBXNativeTarget section */

/* Begin PBXProject section */
		1C5ABF7E2E94575D001F9F3D /* Project object */ = {
			isa = PBXProject;
			attributes = {
				BuildIndependentTargetsInParallel = 1;
				LastSwiftUpdateCheck = 2600;
				LastUpgradeCheck = 2620;
				TargetAttributes = {
					1C5ABF852E94575D001F9F3D = {
						CreatedOnToolsVersion = 26.0.1;
					};
				};
			};
			buildConfigurationList = 1C5ABF812E94575D001F9F3D /* Build configuration list for PBXProject "ImageFeed" */;
			developmentRegion = en;
			hasScannedForEncodings = 0;
			knownRegions = (
				en,
				Base,
			);
			mainGroup = 1C5ABF7D2E94575D001F9F3D;
			minimizedProjectReferenceProxies = 1;
			packageReferences = (
				1CB9AA3F2F34C89800BD2740 /* XCRemoteSwiftPackageReference "SwiftKeychainWrapper" */,
				1CB9AA422F34C89F00BD2740 /* XCRemoteSwiftPackageReference "Kingfisher" */,
				1CB9AA452F34C8A600BD2740 /* XCRemoteSwiftPackageReference "ProgressHUD" */,
			);
			preferredProjectObjectVersion = 77;
			productRefGroup = 1C5ABF872E94575D001F9F3D /* Products */;
			projectDirPath = "";
			projectRoot = "";
			targets = (
				1C5ABF852E94575D001F9F3D /* ImageFeed */,
			);
		};
/* End PBXProject section */

/* Begin PBXResourcesBuildPhase section */
		1C5ABF842E94575D001F9F3D /* Resources */ = {
			isa = PBXResourcesBuildPhase;
			buildActionMask = 2147483647;
			files = (
				1CB9AA7A2F34CB1800BD2740 /* Assets.xcassets in Resources */,
				1CB9AA7C2F34CB1800BD2740 /* LaunchScreen.storyboard in Resources */,
				1CB9AA7D2F34CB1800BD2740 /* Main.storyboard in Resources */,
			);
			runOnlyForDeploymentPostprocessing = 0;
		};
/* End PBXResourcesBuildPhase section */

/* Begin PBXSourcesBuildPhase section */
		1C5ABF822E94575D001F9F3D /* Sources */ = {
			isa = PBXSourcesBuildPhase;
			buildActionMask = 2147483647;
			files = (
				1CB9AA692F34CB1800BD2740 /* OAuth2Service.swift in Sources */,
				1CB9AA6A2F34CB1800BD2740 /* OAuth2TokenStorage.swift in Sources */,
				1CB9AA6B2F34CB1800BD2740 /* ProfileImageService.swift in Sources */,
				1CB9AA6C2F34CB1800BD2740 /* ProfileService.swift in Sources */,
				1CB9AA6D2F34CB1800BD2740 /* URLSession+data.swift in Sources */,
				1CB9AAC82F34F12700BD2740 /* Photo+Array.swift in Sources */,
				1CB9AA6E2F34CB1800BD2740 /* AuthViewController.swift in Sources */,
				1CB9AA6F2F34CB1800BD2740 /* WebViewViewController.swift in Sources */,
				1CB9AA702F34CB1800BD2740 /* ImagesListCell.swift in Sources */,
				1CB9AA712F34CB1800BD2740 /* ImagesListViewController.swift in Sources */,
				1CB9AA722F34CB1800BD2740 /* ProfileViewController.swift in Sources */,
				1CB9AB9B2F37C25A00BD2740 /* ProfileLogoutService.swift in Sources */,
				1CB9AA732F34CB1800BD2740 /* SingleImageViewController.swift in Sources */,
				1CB9AA742F34CB1800BD2740 /* SplashViewController.swift in Sources */,
				1CB9AA752F34CB1800BD2740 /* TabBarController.swift in Sources */,
				1CB9AA7F2F34D83B00BD2740 /* ImagesListService.swift in Sources */,
				1CB9AA762F34CB1800BD2740 /* UIBlockingProgressHUD.swift in Sources */,
				1CB9AA772F34CB1800BD2740 /* AppDelegate.swift in Sources */,
				1CB9AA782F34CB1800BD2740 /* Constants.swift in Sources */,
				1CB9AAC62F34F01100BD2740 /* Formatter.swift in Sources */,
				1CB9AA792F34CB1800BD2740 /* SceneDelegate.swift in Sources */,
			);
			runOnlyForDeploymentPostprocessing = 0;
		};
/* End PBXSourcesBuildPhase section */

/* Begin PBXVariantGroup section */
		1CB9AA642F34CB1800BD2740 /* LaunchScreen.storyboard */ = {
			isa = PBXVariantGroup;
			children = (
				1CB9AA632F34CB1800BD2740 /* Base */,
			);
			name = LaunchScreen.storyboard;
			sourceTree = "<group>";
		};
		1CB9AA662F34CB1800BD2740 /* Main.storyboard */ = {
			isa = PBXVariantGroup;
			children = (
				1CB9AA652F34CB1800BD2740 /* Base */,
			);
			name = Main.storyboard;
			sourceTree = "<group>";
		};
/* End PBXVariantGroup section */

/* Begin XCBuildConfiguration section */
		1C5ABF9A2E94575E001F9F3D /* Debug */ = {
			isa = XCBuildConfiguration;
			buildSettings = {
				ASSETCATALOG_COMPILER_APPICON_NAME = AppIcon;
				ASSETCATALOG_COMPILER_GLOBAL_ACCENT_COLOR_NAME = AccentColor;
				CODE_SIGN_STYLE = Automatic;
				CURRENT_PROJECT_VERSION = 1;
				DEVELOPMENT_TEAM = 6ZA4CXS48Y;
				GENERATE_INFOPLIST_FILE = YES;
				INFOPLIST_FILE = ImageFeed/Info.plist;
				INFOPLIST_KEY_UIApplicationSupportsIndirectInputEvents = YES;
				INFOPLIST_KEY_UILaunchStoryboardName = LaunchScreen;
				INFOPLIST_KEY_UIMainStoryboardFile = Main;
				INFOPLIST_KEY_UISupportedInterfaceOrientations = UIInterfaceOrientationPortrait;
				INFOPLIST_KEY_UISupportedInterfaceOrientations_iPad = "UIInterfaceOrientationPortrait UIInterfaceOrientationPortraitUpsideDown";
				IPHONEOS_DEPLOYMENT_TARGET = 17.6;
				LD_RUNPATH_SEARCH_PATHS = (
					"$(inherited)",
					"@executable_path/Frameworks",
				);
				MARKETING_VERSION = 1.0;
				PRODUCT_BUNDLE_IDENTIFIER = ru.olegdobrynin.ImageFeed;
				PRODUCT_NAME = "$(TARGET_NAME)";
				STRING_CATALOG_GENERATE_SYMBOLS = YES;
				SUPPORTED_PLATFORMS = "iphoneos iphonesimulator";
				SUPPORTS_MACCATALYST = NO;
				SWIFT_APPROACHABLE_CONCURRENCY = YES;
				SWIFT_DEFAULT_ACTOR_ISOLATION = MainActor;
				SWIFT_EMIT_LOC_STRINGS = YES;
				SWIFT_UPCOMING_FEATURE_MEMBER_IMPORT_VISIBILITY = YES;
				SWIFT_VERSION = 5.0;
				TARGETED_DEVICE_FAMILY = 1;
			};
			name = Debug;
		};
		1C5ABF9B2E94575E001F9F3D /* Release */ = {
			isa = XCBuildConfiguration;
			buildSettings = {
				ASSETCATALOG_COMPILER_APPICON_NAME = AppIcon;
				ASSETCATALOG_COMPILER_GLOBAL_ACCENT_COLOR_NAME = AccentColor;
				CODE_SIGN_STYLE = Automatic;
				CURRENT_PROJECT_VERSION = 1;
				DEVELOPMENT_TEAM = 6ZA4CXS48Y;
				GENERATE_INFOPLIST_FILE = YES;
				INFOPLIST_FILE = ImageFeed/Info.plist;
				INFOPLIST_KEY_UIApplicationSupportsIndirectInputEvents = YES;
				INFOPLIST_KEY_UILaunchStoryboardName = LaunchScreen;
				INFOPLIST_KEY_UIMainStoryboardFile = Main;
				INFOPLIST_KEY_UISupportedInterfaceOrientations = UIInterfaceOrientationPortrait;
				INFOPLIST_KEY_UISupportedInterfaceOrientations_iPad = "UIInterfaceOrientationPortrait UIInterfaceOrientationPortraitUpsideDown";
				IPHONEOS_DEPLOYMENT_TARGET = 17.6;
				LD_RUNPATH_SEARCH_PATHS = (
					"$(inherited)",
					"@executable_path/Frameworks",
				);
				MARKETING_VERSION = 1.0;
				PRODUCT_BUNDLE_IDENTIFIER = ru.olegdobrynin.ImageFeed;
				PRODUCT_NAME = "$(TARGET_NAME)";
				STRING_CATALOG_GENERATE_SYMBOLS = YES;
				SUPPORTED_PLATFORMS = "iphoneos iphonesimulator";
				SUPPORTS_MACCATALYST = NO;
				SWIFT_APPROACHABLE_CONCURRENCY = YES;
				SWIFT_DEFAULT_ACTOR_ISOLATION = MainActor;
				SWIFT_EMIT_LOC_STRINGS = YES;
				SWIFT_UPCOMING_FEATURE_MEMBER_IMPORT_VISIBILITY = YES;
				SWIFT_VERSION = 5.0;
				TARGETED_DEVICE_FAMILY = 1;
			};
			name = Release;
		};
		1C5ABF9C2E94575E001F9F3D /* Debug */ = {
			isa = XCBuildConfiguration;
			buildSettings = {
				ALWAYS_SEARCH_USER_PATHS = NO;
				ASSETCATALOG_COMPILER_GENERATE_SWIFT_ASSET_SYMBOL_EXTENSIONS = YES;
				CLANG_ANALYZER_NONNULL = YES;
				CLANG_ANALYZER_NUMBER_OBJECT_CONVERSION = YES_AGGRESSIVE;
				CLANG_CXX_LANGUAGE_STANDARD = "gnu++20";
				CLANG_ENABLE_MODULES = YES;
				CLANG_ENABLE_OBJC_ARC = YES;
				CLANG_ENABLE_OBJC_WEAK = YES;
				CLANG_WARN_BLOCK_CAPTURE_AUTORELEASING = YES;
				CLANG_WARN_BOOL_CONVERSION = YES;
				CLANG_WARN_COMMA = YES;
				CLANG_WARN_CONSTANT_CONVERSION = YES;
				CLANG_WARN_DEPRECATED_OBJC_IMPLEMENTATIONS = YES;
				CLANG_WARN_DIRECT_OBJC_ISA_USAGE = YES_ERROR;
				CLANG_WARN_DOCUMENTATION_COMMENTS = YES;
				CLANG_WARN_EMPTY_BODY = YES;
				CLANG_WARN_ENUM_CONVERSION = YES;
				CLANG_WARN_INFINITE_RECURSION = YES;
				CLANG_WARN_INT_CONVERSION = YES;
				CLANG_WARN_NON_LITERAL_NULL_CONVERSION = YES;
				CLANG_WARN_OBJC_IMPLICIT_RETAIN_SELF = YES;
				CLANG_WARN_OBJC_LITERAL_CONVERSION = YES;
				CLANG_WARN_OBJC_ROOT_CLASS = YES_ERROR;
				CLANG_WARN_QUOTED_INCLUDE_IN_FRAMEWORK_HEADER = YES;
				CLANG_WARN_RANGE_LOOP_ANALYSIS = YES;
				CLANG_WARN_STRICT_PROTOTYPES = YES;
				CLANG_WARN_SUSPICIOUS_MOVE = YES;
				CLANG_WARN_UNGUARDED_AVAILABILITY = YES_AGGRESSIVE;
				CLANG_WARN_UNREACHABLE_CODE = YES;
				CLANG_WARN__DUPLICATE_METHOD_MATCH = YES;
				COPY_PHASE_STRIP = NO;
				DEBUG_INFORMATION_FORMAT = dwarf;
				DEVELOPMENT_TEAM = 6ZA4CXS48Y;
				ENABLE_STRICT_OBJC_MSGSEND = YES;
				ENABLE_TESTABILITY = YES;
				ENABLE_USER_SCRIPT_SANDBOXING = YES;
				GCC_C_LANGUAGE_STANDARD = gnu17;
				GCC_DYNAMIC_NO_PIC = NO;
				GCC_NO_COMMON_BLOCKS = YES;
				GCC_OPTIMIZATION_LEVEL = 0;
				GCC_PREPROCESSOR_DEFINITIONS = (
					"DEBUG=1",
					"$(inherited)",
				);
				GCC_WARN_64_TO_32_BIT_CONVERSION = YES;
				GCC_WARN_ABOUT_RETURN_TYPE = YES_ERROR;
				GCC_WARN_UNDECLARED_SELECTOR = YES;
				GCC_WARN_UNINITIALIZED_AUTOS = YES_AGGRESSIVE;
				GCC_WARN_UNUSED_FUNCTION = YES;
				GCC_WARN_UNUSED_VARIABLE = YES;
				IPHONEOS_DEPLOYMENT_TARGET = 26.0;
				LOCALIZATION_PREFERS_STRING_CATALOGS = YES;
				MTL_ENABLE_DEBUG_INFO = INCLUDE_SOURCE;
				MTL_FAST_MATH = YES;
				ONLY_ACTIVE_ARCH = YES;
				SDKROOT = iphoneos;
				STRING_CATALOG_GENERATE_SYMBOLS = YES;
				SWIFT_ACTIVE_COMPILATION_CONDITIONS = "DEBUG $(inherited)";
				SWIFT_OPTIMIZATION_LEVEL = "-Onone";
			};
			name = Debug;
		};
		1C5ABF9D2E94575E001F9F3D /* Release */ = {
			isa = XCBuildConfiguration;
			buildSettings = {
				ALWAYS_SEARCH_USER_PATHS = NO;
				ASSETCATALOG_COMPILER_GENERATE_SWIFT_ASSET_SYMBOL_EXTENSIONS = YES;
				CLANG_ANALYZER_NONNULL = YES;
				CLANG_ANALYZER_NUMBER_OBJECT_CONVERSION = YES_AGGRESSIVE;
				CLANG_CXX_LANGUAGE_STANDARD = "gnu++20";
				CLANG_ENABLE_MODULES = YES;
				CLANG_ENABLE_OBJC_ARC = YES;
				CLANG_ENABLE_OBJC_WEAK = YES;
				CLANG_WARN_BLOCK_CAPTURE_AUTORELEASING = YES;
				CLANG_WARN_BOOL_CONVERSION = YES;
				CLANG_WARN_COMMA = YES;
				CLANG_WARN_CONSTANT_CONVERSION = YES;
				CLANG_WARN_DEPRECATED_OBJC_IMPLEMENTATIONS = YES;
				CLANG_WARN_DIRECT_OBJC_ISA_USAGE = YES_ERROR;
				CLANG_WARN_DOCUMENTATION_COMMENTS = YES;
				CLANG_WARN_EMPTY_BODY = YES;
				CLANG_WARN_ENUM_CONVERSION = YES;
				CLANG_WARN_INFINITE_RECURSION = YES;
				CLANG_WARN_INT_CONVERSION = YES;
				CLANG_WARN_NON_LITERAL_NULL_CONVERSION = YES;
				CLANG_WARN_OBJC_IMPLICIT_RETAIN_SELF = YES;
				CLANG_WARN_OBJC_LITERAL_CONVERSION = YES;
				CLANG_WARN_OBJC_ROOT_CLASS = YES_ERROR;
				CLANG_WARN_QUOTED_INCLUDE_IN_FRAMEWORK_HEADER = YES;
				CLANG_WARN_RANGE_LOOP_ANALYSIS = YES;
				CLANG_WARN_STRICT_PROTOTYPES = YES;
				CLANG_WARN_SUSPICIOUS_MOVE = YES;
				CLANG_WARN_UNGUARDED_AVAILABILITY = YES_AGGRESSIVE;
				CLANG_WARN_UNREACHABLE_CODE = YES;
				CLANG_WARN__DUPLICATE_METHOD_MATCH = YES;
				COPY_PHASE_STRIP = NO;
				DEBUG_INFORMATION_FORMAT = "dwarf-with-dsym";
				DEVELOPMENT_TEAM = 6ZA4CXS48Y;
				ENABLE_NS_ASSERTIONS = NO;
				ENABLE_STRICT_OBJC_MSGSEND = YES;
				ENABLE_USER_SCRIPT_SANDBOXING = YES;
				GCC_C_LANGUAGE_STANDARD = gnu17;
				GCC_NO_COMMON_BLOCKS = YES;
				GCC_WARN_64_TO_32_BIT_CONVERSION = YES;
				GCC_WARN_ABOUT_RETURN_TYPE = YES_ERROR;
				GCC_WARN_UNDECLARED_SELECTOR = YES;
				GCC_WARN_UNINITIALIZED_AUTOS = YES_AGGRESSIVE;
				GCC_WARN_UNUSED_FUNCTION = YES;
				GCC_WARN_UNUSED_VARIABLE = YES;
				IPHONEOS_DEPLOYMENT_TARGET = 26.0;
				LOCALIZATION_PREFERS_STRING_CATALOGS = YES;
				MTL_ENABLE_DEBUG_INFO = NO;
				MTL_FAST_MATH = YES;
				SDKROOT = iphoneos;
				STRING_CATALOG_GENERATE_SYMBOLS = YES;
				SWIFT_COMPILATION_MODE = wholemodule;
				VALIDATE_PRODUCT = YES;
			};
			name = Release;
		};
/* End XCBuildConfiguration section */

/* Begin XCConfigurationList section */
		1C5ABF812E94575D001F9F3D /* Build configuration list for PBXProject "ImageFeed" */ = {
			isa = XCConfigurationList;
			buildConfigurations = (
				1C5ABF9C2E94575E001F9F3D /* Debug */,
				1C5ABF9D2E94575E001F9F3D /* Release */,
			);
			defaultConfigurationIsVisible = 0;
			defaultConfigurationName = Release;
		};
		1C5ABF992E94575E001F9F3D /* Build configuration list for PBXNativeTarget "ImageFeed" */ = {
			isa = XCConfigurationList;
			buildConfigurations = (
				1C5ABF9A2E94575E001F9F3D /* Debug */,
				1C5ABF9B2E94575E001F9F3D /* Release */,
			);
			defaultConfigurationIsVisible = 0;
			defaultConfigurationName = Release;
		};
/* End XCConfigurationList section */

/* Begin XCRemoteSwiftPackageReference section */
		1CB9AA3F2F34C89800BD2740 /* XCRemoteSwiftPackageReference "SwiftKeychainWrapper" */ = {
			isa = XCRemoteSwiftPackageReference;
			repositoryURL = "https://github.com/jrendel/SwiftKeychainWrapper";
			requirement = {
				kind = upToNextMajorVersion;
				minimumVersion = 4.0.1;
			};
		};
		1CB9AA422F34C89F00BD2740 /* XCRemoteSwiftPackageReference "Kingfisher" */ = {
			isa = XCRemoteSwiftPackageReference;
			repositoryURL = "https://github.com/onevcat/Kingfisher.git";
			requirement = {
				kind = upToNextMajorVersion;
				minimumVersion = 8.6.2;
			};
		};
		1CB9AA452F34C8A600BD2740 /* XCRemoteSwiftPackageReference "ProgressHUD" */ = {
			isa = XCRemoteSwiftPackageReference;
			repositoryURL = "https://github.com/relatedcode/ProgressHUD";
			requirement = {
				kind = upToNextMajorVersion;
				minimumVersion = 15.0.1;
			};
		};
/* End XCRemoteSwiftPackageReference section */

/* Begin XCSwiftPackageProductDependency section */
		1CB9AA402F34C89800BD2740 /* SwiftKeychainWrapper */ = {
			isa = XCSwiftPackageProductDependency;
			package = 1CB9AA3F2F34C89800BD2740 /* XCRemoteSwiftPackageReference "SwiftKeychainWrapper" */;
			productName = SwiftKeychainWrapper;
		};
		1CB9AA432F34C89F00BD2740 /* Kingfisher */ = {
			isa = XCSwiftPackageProductDependency;
			package = 1CB9AA422F34C89F00BD2740 /* XCRemoteSwiftPackageReference "Kingfisher" */;
			productName = Kingfisher;
		};
		1CB9AA462F34C8A600BD2740 /* ProgressHUD */ = {
			isa = XCSwiftPackageProductDependency;
			package = 1CB9AA452F34C8A600BD2740 /* XCRemoteSwiftPackageReference "ProgressHUD" */;
			productName = ProgressHUD;
		};
/* End XCSwiftPackageProductDependency section */
	};
	rootObject = 1C5ABF7E2E94575D001F9F3D /* Project object */;
}
